Microsoft Visual Studio Solution File, Format Version 12.00
# Visual Studio Version 17
VisualStudioVersion = 17.5.2.0
MinimumVisualStudioVersion = 10.0.40219.1
Project("{FAE04EC0-301F-11D3-BF4B-00C04F79EFBC}") = "DualSenseMapper", "DualSenseMapper.csproj", "{ADA2E630-22CE-18A0-4517-F0D300C1FCCB}"
EndProject
Global
	GlobalSection(SolutionConfigurationPlatforms) = preSolution
		Debug|Any CPU = Debug|Any CPU
		Release|Any CPU = Release|Any CPU
	EndGlobalSection
	GlobalSection(ProjectConfigurationPlatforms) = postSolution
		{ADA2E630-22CE-18A0-4517-F0D300C1FCCB}.Debug|Any CPU.ActiveCfg = Debug|Any CPU
		{ADA2E630-22CE-18A0-4517-F0D300C1FCCB}.Debug|Any CPU.Build.0 = Debug|Any CPU
		{ADA2E630-22CE-18A0-4517-F0D300C1FCCB}.Release|Any CPU.ActiveCfg = Release|Any CPU
		{ADA2E630-22CE-18A0-4517-F0D300C1FCCB}.Release|Any CPU.Build.0 = Release|Any CPU
	EndGlobalSection
	GlobalSection(SolutionProperties) = preSolution
		HideSolutionNode = FALSE
	EndGlobalSection
	GlobalSection(ExtensibilityGlobals) = postSolution
		SolutionGuid = {C2CD0EAB-DE79-466E-B779-1951FC51417C}
	EndGlobalSection
EndGlobal
